
Microsoft Visual Studio Solution File, Format Version 12.00
# Visual Studio 15
VisualStudioVersion = 15.0.28307.489
MinimumVisualStudioVersion = 10.0.40219.1
Project("{FAE04EC0-301F-11D3-BF4B-00C04F79EFBC}") = "HW2_1", "HW2_1\HW2_1.csproj", "{E1D6820C-A183-4912-8420-194F7F52EE44}"
EndProject
Project("{FAE04EC0-301F-11D3-BF4B-00C04F79EFBC}") = "HW2_2", "..\HW2_2\HW2_2.csproj", "{418C0519-7DDE-4A76-8A01-9648699AFCE4}"
EndProject
Global
	GlobalSection(SolutionConfigurationPlatforms) = preSolution
		Debug|Any CPU = Debug|Any CPU
		Release|Any CPU = Release|Any CPU
	EndGlobalSection
	GlobalSection(ProjectConfigurationPlatforms) = postSolution
		{E1D6820C-A183-4912-8420-194F7F52EE44}.Debug|Any CPU.ActiveCfg = Debug|Any CPU
		{E1D6820C-A183-4912-8420-194F7F52EE44}.Debug|Any CPU.Build.0 = Debug|Any CPU
		{E1D6820C-A183-4912-8420-194F7F52EE44}.Release|Any CPU.ActiveCfg = Release|Any CPU
		{E1D6820C-A183-4912-8420-194F7F52EE44}.Release|Any CPU.Build.0 = Release|Any CPU
		{418C0519-7DDE-4A76-8A01-9648699AFCE4}.Debug|Any CPU.ActiveCfg = Debug|Any CPU
		{418C0519-7DDE-4A76-8A01-9648699AFCE4}.Debug|Any CPU.Build.0 = Debug|Any CPU
		{418C0519-7DDE-4A76-8A01-9648699AFCE4}.Release|Any CPU.ActiveCfg = Release|Any CPU
		{418C0519-7DDE-4A76-8A01-9648699AFCE4}.Release|Any CPU.Build.0 = Release|Any CPU
	EndGlobalSection
	GlobalSection(SolutionProperties) = preSolution
		HideSolutionNode = FALSE
	EndGlobalSection
	GlobalSection(ExtensibilityGlobals) = postSolution
		SolutionGuid = {1AA8FD20-3C36-4B60-B1B3-AE6963C3D5F4}
	EndGlobalSection
EndGlobal
