
Microsoft Visual Studio Solution File, Format Version 12.00
# Visual Studio 15
VisualStudioVersion = 15.0.28307.489
MinimumVisualStudioVersion = 10.0.40219.1
Project("{FAE04EC0-301F-11D3-BF4B-00C04F79EFBC}") = "HW3", "HW3\HW3.csproj", "{CF7CB6D3-A6A6-4344-AA5A-2B3446990AE2}"
EndProject
Project("{FAE04EC0-301F-11D3-BF4B-00C04F79EFBC}") = "HW3_1", "HW3_1\HW3_1.csproj", "{A9B801CC-52D6-410A-B537-9D68A641C63A}"
EndProject
Project("{FAE04EC0-301F-11D3-BF4B-00C04F79EFBC}") = "HW3_1_1", "HW3_1_1\HW3_1_1.csproj", "{95851829-E4F4-469B-8CE5-FDCC2939AAB4}"
EndProject
Project("{FAE04EC0-301F-11D3-BF4B-00C04F79EFBC}") = "HW3_2", "HW3_2\HW3_2.csproj", "{BCA2D120-D686-4953-8C43-63F25C0ED78E}"
EndProject
Global
	GlobalSection(SolutionConfigurationPlatforms) = preSolution
		Debug|Any CPU = Debug|Any CPU
		Release|Any CPU = Release|Any CPU
	EndGlobalSection
	GlobalSection(ProjectConfigurationPlatforms) = postSolution
		{CF7CB6D3-A6A6-4344-AA5A-2B3446990AE2}.Debug|Any CPU.ActiveCfg = Debug|Any CPU
		{CF7CB6D3-A6A6-4344-AA5A-2B3446990AE2}.Debug|Any CPU.Build.0 = Debug|Any CPU
		{CF7CB6D3-A6A6-4344-AA5A-2B3446990AE2}.Release|Any CPU.ActiveCfg = Release|Any CPU
		{CF7CB6D3-A6A6-4344-AA5A-2B3446990AE2}.Release|Any CPU.Build.0 = Release|Any CPU
		{A9B801CC-52D6-410A-B537-9D68A641C63A}.Debug|Any CPU.ActiveCfg = Debug|Any CPU
		{A9B801CC-52D6-410A-B537-9D68A641C63A}.Debug|Any CPU.Build.0 = Debug|Any CPU
		{A9B801CC-52D6-410A-B537-9D68A641C63A}.Release|Any CPU.ActiveCfg = Release|Any CPU
		{A9B801CC-52D6-410A-B537-9D68A641C63A}.Release|Any CPU.Build.0 = Release|Any CPU
		{95851829-E4F4-469B-8CE5-FDCC2939AAB4}.Debug|Any CPU.ActiveCfg = Debug|Any CPU
		{95851829-E4F4-469B-8CE5-FDCC2939AAB4}.Debug|Any CPU.Build.0 = Debug|Any CPU
		{95851829-E4F4-469B-8CE5-FDCC2939AAB4}.Release|Any CPU.ActiveCfg = Release|Any CPU
		{95851829-E4F4-469B-8CE5-FDCC2939AAB4}.Release|Any CPU.Build.0 = Release|Any CPU
		{BCA2D120-D686-4953-8C43-63F25C0ED78E}.Debug|Any CPU.ActiveCfg = Debug|Any CPU
		{BCA2D120-D686-4953-8C43-63F25C0ED78E}.Debug|Any CPU.Build.0 = Debug|Any CPU
		{BCA2D120-D686-4953-8C43-63F25C0ED78E}.Release|Any CPU.ActiveCfg = Release|Any CPU
		{BCA2D120-D686-4953-8C43-63F25C0ED78E}.Release|Any CPU.Build.0 = Release|Any CPU
	EndGlobalSection
	GlobalSection(SolutionProperties) = preSolution
		HideSolutionNode = FALSE
	EndGlobalSection
	GlobalSection(ExtensibilityGlobals) = postSolution
		SolutionGuid = {7E92500F-1B75-44D5-83C3-5A8052A4143A}
	EndGlobalSection
EndGlobal
